
Microsoft Visual Studio Solution File, Format Version 12.00
# Visual Studio Version 17
VisualStudioVersion = 17.14.36518.9
MinimumVisualStudioVersion = 10.0.40219.1
Project("{FAE04EC0-301F-11D3-BF4B-00C04F79EFBC}") = "GymManager.Web", "GymManager.Web.csproj", "{72EA5C60-47E4-4CDF-8E24-C415F858D897}"
EndProject
Project("{FAE04EC0-301F-11D3-BF4B-00C04F79EFBC}") = "GymManager.BL.BC", "..\GymManager.BL.BC\GymManager.BL.BC.csproj", "{7B7502D5-9A46-476C-80AB-3CA37A31DB48}"
EndProject
Project("{FAE04EC0-301F-11D3-BF4B-00C04F79EFBC}") = "GymManager.BL.BE", "..\GymManager.BL.BE\GymManager.BL.BE.csproj", "{4F76ECB2-A9C8-42FB-AADC-E55DB7909C0F}"
EndProject
Project("{FAE04EC0-301F-11D3-BF4B-00C04F79EFBC}") = "GymManager.DL.DALC", "..\GymManager.DL.DALC\GymManager.DL.DALC.csproj", "{CCC7C841-D270-4AC1-A310-3D7FAB5E63F9}"
EndProject
Global
	GlobalSection(SolutionConfigurationPlatforms) = preSolution
		Debug|Any CPU = Debug|Any CPU
		Release|Any CPU = Release|Any CPU
	EndGlobalSection
	GlobalSection(ProjectConfigurationPlatforms) = postSolution
		{72EA5C60-47E4-4CDF-8E24-C415F858D897}.Debug|Any CPU.ActiveCfg = Debug|Any CPU
		{72EA5C60-47E4-4CDF-8E24-C415F858D897}.Debug|Any CPU.Build.0 = Debug|Any CPU
		{72EA5C60-47E4-4CDF-8E24-C415F858D897}.Release|Any CPU.ActiveCfg = Release|Any CPU
		{72EA5C60-47E4-4CDF-8E24-C415F858D897}.Release|Any CPU.Build.0 = Release|Any CPU
		{7B7502D5-9A46-476C-80AB-3CA37A31DB48}.Debug|Any CPU.ActiveCfg = Debug|Any CPU
		{7B7502D5-9A46-476C-80AB-3CA37A31DB48}.Debug|Any CPU.Build.0 = Debug|Any CPU
		{7B7502D5-9A46-476C-80AB-3CA37A31DB48}.Release|Any CPU.ActiveCfg = Release|Any CPU
		{7B7502D5-9A46-476C-80AB-3CA37A31DB48}.Release|Any CPU.Build.0 = Release|Any CPU
		{4F76ECB2-A9C8-42FB-AADC-E55DB7909C0F}.Debug|Any CPU.ActiveCfg = Debug|Any CPU
		{4F76ECB2-A9C8-42FB-AADC-E55DB7909C0F}.Debug|Any CPU.Build.0 = Debug|Any CPU
		{4F76ECB2-A9C8-42FB-AADC-E55DB7909C0F}.Release|Any CPU.ActiveCfg = Release|Any CPU
		{4F76ECB2-A9C8-42FB-AADC-E55DB7909C0F}.Release|Any CPU.Build.0 = Release|Any CPU
		{CCC7C841-D270-4AC1-A310-3D7FAB5E63F9}.Debug|Any CPU.ActiveCfg = Debug|Any CPU
		{CCC7C841-D270-4AC1-A310-3D7FAB5E63F9}.Debug|Any CPU.Build.0 = Debug|Any CPU
		{CCC7C841-D270-4AC1-A310-3D7FAB5E63F9}.Release|Any CPU.ActiveCfg = Release|Any CPU
		{CCC7C841-D270-4AC1-A310-3D7FAB5E63F9}.Release|Any CPU.Build.0 = Release|Any CPU
	EndGlobalSection
	GlobalSection(SolutionProperties) = preSolution
		HideSolutionNode = FALSE
	EndGlobalSection
	GlobalSection(ExtensibilityGlobals) = postSolution
		SolutionGuid = {8C2A8699-B3DA-429E-AA69-3C61CAEBC48D}
	EndGlobalSection
EndGlobal
